
Microsoft Visual Studio Solution File, Format Version 12.00
# Visual Studio Version 16
VisualStudioVersion = 16.0.32413.511
MinimumVisualStudioVersion = 10.0.40219.1
Project("{9A19103F-16F7-4668-BE54-9A1E7A4F7556}") = "LoanCalculator.Console", "LoanCalculator.ConsoleApp\LoanCalculator.Console.csproj", "{A6B7A481-5102-4190-A2FF-CF3990F8F230}"
EndProject
Global
	GlobalSection(SolutionConfigurationPlatforms) = preSolution
		Debug|Any CPU = Debug|Any CPU
		Release|Any CPU = Release|Any CPU
	EndGlobalSection
	GlobalSection(ProjectConfigurationPlatforms) = postSolution
		{A6B7A481-5102-4190-A2FF-CF3990F8F230}.Debug|Any CPU.ActiveCfg = Debug|Any CPU
		{A6B7A481-5102-4190-A2FF-CF3990F8F230}.Debug|Any CPU.Build.0 = Debug|Any CPU
		{A6B7A481-5102-4190-A2FF-CF3990F8F230}.Release|Any CPU.ActiveCfg = Release|Any CPU
		{A6B7A481-5102-4190-A2FF-CF3990F8F230}.Release|Any CPU.Build.0 = Release|Any CPU
	EndGlobalSection
	GlobalSection(SolutionProperties) = preSolution
		HideSolutionNode = FALSE
	EndGlobalSection
	GlobalSection(ExtensibilityGlobals) = postSolution
		SolutionGuid = {7AF8537A-05C7-4484-8D67-76B1F3BDE04E}
	EndGlobalSection
EndGlobal
